// !$*UTF8*$!
{
	archiveVersion = 1;
	classes = {
	};
	objectVersion = 46;
	objects = {

/* Begin PBXBuildFile section */
		FD52D3F81F4F084A0075239E /* AppDelegate.swift in Sources */ = {isa = PBXBuildFile; fileRef = FD52D3F71F4F084A0075239E /* AppDelegate.swift */; };
		FD52D3FD1F4F084A0075239E /* Main.storyboard in Resources */ = {isa = PBXBuildFile; fileRef = FD52D3FB1F4F084A0075239E /* Main.storyboard */; };
		FD52D3FF1F4F084A0075239E /* Assets.xcassets in Resources */ = {isa = PBXBuildFile; fileRef = FD52D3FE1F4F084A0075239E /* Assets.xcassets */; };
		FD52D4021F4F084A0075239E /* LaunchScreen.storyboard in Resources */ = {isa = PBXBuildFile; fileRef = FD52D4001F4F084A0075239E /* LaunchScreen.storyboard */; };
		FD52D40C1F4F08CA0075239E /* NameGameViewController.swift in Sources */ = {isa = PBXBuildFile; fileRef = FD52D40B1F4F08CA0075239E /* NameGameViewController.swift */; };
		FD52D40E1F4F09530075239E /* Person.swift in Sources */ = {isa = PBXBuildFile; fileRef = FD52D40D1F4F09530075239E /* Person.swift */; };
		FD52D4101F4F09600075239E /* NameGame.swift in Sources */ = {isa = PBXBuildFile; fileRef = FD52D40F1F4F09600075239E /* NameGame.swift */; };
		FD52D4131F4F09AD0075239E /* NetworkController.swift in Sources */ = {isa = PBXBuildFile; fileRef = FD52D4121F4F09AD0075239E /* NetworkController.swift */; };
		FD52D4151F4F09C90075239E /* PersonController.swift in Sources */ = {isa = PBXBuildFile; fileRef = FD52D4141F4F09C90075239E /* PersonController.swift */; };
		FD52D4171F4F0A4C0075239E /* NameGameController.swift in Sources */ = {isa = PBXBuildFile; fileRef = FD52D4161F4F0A4C0075239E /* NameGameController.swift */; };
		FD52D41D1F4F3F770075239E /* PersonTableViewCell.swift in Sources */ = {isa = PBXBuildFile; fileRef = FD52D41C1F4F3F770075239E /* PersonTableViewCell.swift */; };
		FD52D4201F4F49400075239E /* ImageController.swift in Sources */ = {isa = PBXBuildFile; fileRef = FD52D41F1F4F49400075239E /* ImageController.swift */; };
/* End PBXBuildFile section */

/* Begin PBXFileReference section */
		FD52D3F41F4F084A0075239E /* NameThatPerson.app */ = {isa = PBXFileReference; explicitFileType = wrapper.application; includeInIndex = 0; path = NameThatPerson.app; sourceTree = BUILT_PRODUCTS_DIR; };
		FD52D3F71F4F084A0075239E /* AppDelegate.swift */ = {isa = PBXFileReference; lastKnownFileType = sourcecode.swift; path = AppDelegate.swift; sourceTree = "<group>"; };
		FD52D3FC1F4F084A0075239E /* Base */ = {isa = PBXFileReference; lastKnownFileType = file.storyboard; name = Base; path = Base.lproj/Main.storyboard; sourceTree = "<group>"; };
		FD52D3FE1F4F084A0075239E /* Assets.xcassets */ = {isa = PBXFileReference; lastKnownFileType = folder.assetcatalog; path = Assets.xcassets; sourceTree = "<group>"; };
		FD52D4011F4F084A0075239E /* Base */ = {isa = PBXFileReference; lastKnownFileType = file.storyboard; name = Base; path = Base.lproj/LaunchScreen.storyboard; sourceTree = "<group>"; };
		FD52D4031F4F084A0075239E /* Info.plist */ = {isa = PBXFileReference; lastKnownFileType = text.plist.xml; path = Info.plist; sourceTree = "<group>"; };
		FD52D40B1F4F08CA0075239E /* NameGameViewController.swift */ = {isa = PBXFileReference; fileEncoding = 4; lastKnownFileType = sourcecode.swift; name = NameGameViewController.swift; path = ../NameGameViewController.swift; sourceTree = "<group>"; };
		FD52D40D1F4F09530075239E /* Person.swift */ = {isa = PBXFileReference; fileEncoding = 4; lastKnownFileType = sourcecode.swift; path = Person.swift; sourceTree = "<group>"; };
		FD52D40F1F4F09600075239E /* NameGame.swift */ = {isa = PBXFileReference; fileEncoding = 4; lastKnownFileType = sourcecode.swift; path = NameGame.swift; sourceTree = "<group>"; };
		FD52D4121F4F09AD0075239E /* NetworkController.swift */ = {isa = PBXFileReference; fileEncoding = 4; lastKnownFileType = sourcecode.swift; path = NetworkController.swift; sourceTree = "<group>"; };
		FD52D4141F4F09C90075239E /* PersonController.swift */ = {isa = PBXFileReference; fileEncoding = 4; lastKnownFileType = sourcecode.swift; path = PersonController.swift; sourceTree = "<group>"; };
		FD52D4161F4F0A4C0075239E /* NameGameController.swift */ = {isa = PBXFileReference; fileEncoding = 4; lastKnownFileType = sourcecode.swift; path = NameGameController.swift; sourceTree = "<group>"; };
		FD52D41C1F4F3F770075239E /* PersonTableViewCell.swift */ = {isa = PBXFileReference; fileEncoding = 4; lastKnownFileType = sourcecode.swift; path = PersonTableViewCell.swift; sourceTree = "<group>"; };
		FD52D41F1F4F49400075239E /* ImageController.swift */ = {isa = PBXFileReference; fileEncoding = 4; lastKnownFileType = sourcecode.swift; path = ImageController.swift; sourceTree = "<group>"; };
/* End PBXFileReference section */

/* Begin PBXFrameworksBuildPhase section */
		FD52D3F11F4F084A0075239E /* Frameworks */ = {
			isa = PBXFrameworksBuildPhase;
			buildActionMask = 2147483647;
			files = (
			);
			runOnlyForDeploymentPostprocessing = 0;
		};
/* End PBXFrameworksBuildPhase section */

/* Begin PBXGroup section */
		FD52D3EB1F4F084A0075239E = {
			isa = PBXGroup;
			children = (
				FD52D3F61F4F084A0075239E /* NameThatPerson */,
				FD52D3F51F4F084A0075239E /* Products */,
			);
			sourceTree = "<group>";
		};
		FD52D3F51F4F084A0075239E /* Products */ = {
			isa = PBXGroup;
			children = (
				FD52D3F41F4F084A0075239E /* NameThatPerson.app */,
			);
			name = Products;
			sourceTree = "<group>";
		};
		FD52D3F61F4F084A0075239E /* NameThatPerson */ = {
			isa = PBXGroup;
			children = (
				FD52D4111F4F09660075239E /* Model */,
				FD52D4141F4F09C90075239E /* PersonController.swift */,
				FD52D4161F4F0A4C0075239E /* NameGameController.swift */,
				FD52D40B1F4F08CA0075239E /* NameGameViewController.swift */,
				FD52D41C1F4F3F770075239E /* PersonTableViewCell.swift */,
				FD52D41E1F4F3FAB0075239E /* URL Handlers */,
				FD52D3FE1F4F084A0075239E /* Assets.xcassets */,
				FD52D4001F4F084A0075239E /* LaunchScreen.storyboard */,
				FD52D3FB1F4F084A0075239E /* Main.storyboard */,
				FD52D4031F4F084A0075239E /* Info.plist */,
				FD52D3F71F4F084A0075239E /* AppDelegate.swift */,
			);
			path = NameThatPerson;
			sourceTree = "<group>";
		};
		FD52D4111F4F09660075239E /* Model */ = {
			isa = PBXGroup;
			children = (
				FD52D40D1F4F09530075239E /* Person.swift */,
				FD52D40F1F4F09600075239E /* NameGame.swift */,
			);
			name = Model;
			sourceTree = "<group>";
		};
		FD52D41E1F4F3FAB0075239E /* URL Handlers */ = {
			isa = PBXGroup;
			children = (
				FD52D4121F4F09AD0075239E /* NetworkController.swift */,
				FD52D41F1F4F49400075239E /* ImageController.swift */,
			);
			name = "URL Handlers";
			sourceTree = "<group>";
		};
/* End PBXGroup section */

/* Begin PBXNativeTarget section */
		FD52D3F31F4F084A0075239E /* NameThatPerson */ = {
			isa = PBXNativeTarget;
			buildConfigurationList = FD52D4061F4F084A0075239E /* Build configuration list for PBXNativeTarget "NameThatPerson" */;
			buildPhases = (
				FD52D3F01F4F084A0075239E /* Sources */,
				FD52D3F11F4F084A0075239E /* Frameworks */,
				FD52D3F21F4F084A0075239E /* Resources */,
			);
			buildRules = (
			);
			dependencies = (
			);
			name = NameThatPerson;
			productName = NameThatPerson;
			productReference = FD52D3F41F4F084A0075239E /* NameThatPerson.app */;
			productType = "com.apple.product-type.application";
		};
/* End PBXNativeTarget section */

/* Begin PBXProject section */
		FD52D3EC1F4F084A0075239E /* Project object */ = {
			isa = PBXProject;
			attributes = {
				LastSwiftUpdateCheck = 0830;
				LastUpgradeCheck = 0830;
				ORGANIZATIONNAME = Sohail;
				TargetAttributes = {
					FD52D3F31F4F084A0075239E = {
						CreatedOnToolsVersion = 8.3.3;
						DevelopmentTeam = XFHGVA942A;
						ProvisioningStyle = Automatic;
					};
				};
			};
			buildConfigurationList = FD52D3EF1F4F084A0075239E /* Build configuration list for PBXProject "NameThatPerson" */;
			compatibilityVersion = "Xcode 3.2";
			developmentRegion = English;
			hasScannedForEncodings = 0;
			knownRegions = (
				en,
				Base,
			);
			mainGroup = FD52D3EB1F4F084A0075239E;
			productRefGroup = FD52D3F51F4F084A0075239E /* Products */;
			projectDirPath = "";
			projectRoot = "";
			targets = (
				FD52D3F31F4F084A0075239E /* NameThatPerson */,
			);
		};
/* End PBXProject section */

/* Begin PBXResourcesBuildPhase section */
		FD52D3F21F4F084A0075239E /* Resources */ = {
			isa = PBXResourcesBuildPhase;
			buildActionMask = 2147483647;
			files = (
				FD52D4021F4F084A0075239E /* LaunchScreen.storyboard in Resources */,
				FD52D3FF1F4F084A0075239E /* Assets.xcassets in Resources */,
				FD52D3FD1F4F084A0075239E /* Main.storyboard in Resources */,
			);
			runOnlyForDeploymentPostprocessing = 0;
		};
/* End PBXResourcesBuildPhase section */

/* Begin PBXSourcesBuildPhase section */
		FD52D3F01F4F084A0075239E /* Sources */ = {
			isa = PBXSourcesBuildPhase;
			buildActionMask = 2147483647;
			files = (
				FD52D4131F4F09AD0075239E /* NetworkController.swift in Sources */,
				FD52D4101F4F09600075239E /* NameGame.swift in Sources */,
				FD52D40E1F4F09530075239E /* Person.swift in Sources */,
				FD52D41D1F4F3F770075239E /* PersonTableViewCell.swift in Sources */,
				FD52D4171F4F0A4C0075239E /* NameGameController.swift in Sources */,
				FD52D4201F4F49400075239E /* ImageController.swift in Sources */,
				FD52D3F81F4F084A0075239E /* AppDelegate.swift in Sources */,
				FD52D4151F4F09C90075239E /* PersonController.swift in Sources */,
				FD52D40C1F4F08CA0075239E /* NameGameViewController.swift in Sources */,
			);
			runOnlyForDeploymentPostprocessing = 0;
		};
/* End PBXSourcesBuildPhase section */

/* Begin PBXVariantGroup section */
		FD52D3FB1F4F084A0075239E /* Main.storyboard */ = {
			isa = PBXVariantGroup;
			children = (
				FD52D3FC1F4F084A0075239E /* Base */,
			);
			name = Main.storyboard;
			sourceTree = "<group>";
		};
		FD52D4001F4F084A0075239E /* LaunchScreen.storyboard */ = {
			isa = PBXVariantGroup;
			children = (
				FD52D4011F4F084A0075239E /* Base */,
			);
			name = LaunchScreen.storyboard;
			sourceTree = "<group>";
		};
/* End PBXVariantGroup section */

/* Begin XCBuildConfiguration section */
		FD52D4041F4F084A0075239E /* Debug */ = {
			isa = XCBuildConfiguration;
			buildSettings = {
				ALWAYS_SEARCH_USER_PATHS = NO;
				CLANG_ANALYZER_NONNULL = YES;
				CLANG_ANALYZER_NUMBER_OBJECT_CONVERSION = YES_AGGRESSIVE;
				CLANG_CXX_LANGUAGE_STANDARD = "gnu++0x";
				CLANG_CXX_LIBRARY = "libc++";
				CLANG_ENABLE_MODULES = YES;
				CLANG_ENABLE_OBJC_ARC = YES;
				CLANG_WARN_BOOL_CONVERSION = YES;
				CLANG_WARN_CONSTANT_CONVERSION = YES;
				CLANG_WARN_DIRECT_OBJC_ISA_USAGE = YES_ERROR;
				CLANG_WARN_DOCUMENTATION_COMMENTS = YES;
				CLANG_WARN_EMPTY_BODY = YES;
				CLANG_WARN_ENUM_CONVERSION = YES;
				CLANG_WARN_INFINITE_RECURSION = YES;
				CLANG_WARN_INT_CONVERSION = YES;
				CLANG_WARN_OBJC_ROOT_CLASS = YES_ERROR;
				CLANG_WARN_SUSPICIOUS_MOVE = YES;
				CLANG_WARN_UNREACHABLE_CODE = YES;
				CLANG_WARN__DUPLICATE_METHOD_MATCH = YES;
				"CODE_SIGN_IDENTITY[sdk=iphoneos*]" = "iPhone Developer";
				COPY_PHASE_STRIP = NO;
				DEBUG_INFORMATION_FORMAT = dwarf;
				ENABLE_STRICT_OBJC_MSGSEND = YES;
				ENABLE_TESTABILITY = YES;
				GCC_C_LANGUAGE_STANDARD = gnu99;
				GCC_DYNAMIC_NO_PIC = NO;
				GCC_NO_COMMON_BLOCKS = YES;
				GCC_OPTIMIZATION_LEVEL = 0;
				GCC_PREPROCESSOR_DEFINITIONS = (
					"DEBUG=1",
					"$(inherited)",
				);
				GCC_WARN_64_TO_32_BIT_CONVERSION = YES;
				GCC_WARN_ABOUT_RETURN_TYPE = YES_ERROR;
				GCC_WARN_UNDECLARED_SELECTOR = YES;
				GCC_WARN_UNINITIALIZED_AUTOS = YES_AGGRESSIVE;
				GCC_WARN_UNUSED_FUNCTION = YES;
				GCC_WARN_UNUSED_VARIABLE = YES;
				IPHONEOS_DEPLOYMENT_TARGET = 10.3;
				MTL_ENABLE_DEBUG_INFO = YES;
				ONLY_ACTIVE_ARCH = YES;
				SDKROOT = iphoneos;
				SWIFT_ACTIVE_COMPILATION_CONDITIONS = DEBUG;
				SWIFT_OPTIMIZATION_LEVEL = "-Onone";
			};
			name = Debug;
		};
		FD52D4051F4F084A0075239E /* Release */ = {
			isa = XCBuildConfiguration;
			buildSettings = {
				ALWAYS_SEARCH_USER_PATHS = NO;
				CLANG_ANALYZER_NONNULL = YES;
				CLANG_ANALYZER_NUMBER_OBJECT_CONVERSION = YES_AGGRESSIVE;
				CLANG_CXX_LANGUAGE_STANDARD = "gnu++0x";
				CLANG_CXX_LIBRARY = "libc++";
				CLANG_ENABLE_MODULES = YES;
				CLANG_ENABLE_OBJC_ARC = YES;
				CLANG_WARN_BOOL_CONVERSION = YES;
				CLANG_WARN_CONSTANT_CONVERSION = YES;
				CLANG_WARN_DIRECT_OBJC_ISA_USAGE = YES_ERROR;
				CLANG_WARN_DOCUMENTATION_COMMENTS = YES;
				CLANG_WARN_EMPTY_BODY = YES;
				CLANG_WARN_ENUM_CONVERSION = YES;
				CLANG_WARN_INFINITE_RECURSION = YES;
				CLANG_WARN_INT_CONVERSION = YES;
				CLANG_WARN_OBJC_ROOT_CLASS = YES_ERROR;
				CLANG_WARN_SUSPICIOUS_MOVE = YES;
				CLANG_WARN_UNREACHABLE_CODE = YES;
				CLANG_WARN__DUPLICATE_METHOD_MATCH = YES;
				"CODE_SIGN_IDENTITY[sdk=iphoneos*]" = "iPhone Developer";
				COPY_PHASE_STRIP = NO;
				DEBUG_INFORMATION_FORMAT = "dwarf-with-dsym";
				ENABLE_NS_ASSERTIONS = NO;
				ENABLE_STRICT_OBJC_MSGSEND = YES;
				GCC_C_LANGUAGE_STANDARD = gnu99;
				GCC_NO_COMMON_BLOCKS = YES;
				GCC_WARN_64_TO_32_BIT_CONVERSION = YES;
				GCC_WARN_ABOUT_RETURN_TYPE = YES_ERROR;
				GCC_WARN_UNDECLARED_SELECTOR = YES;
				GCC_WARN_UNINITIALIZED_AUTOS = YES_AGGRESSIVE;
				GCC_WARN_UNUSED_FUNCTION = YES;
				GCC_WARN_UNUSED_VARIABLE = YES;
				IPHONEOS_DEPLOYMENT_TARGET = 10.3;
				MTL_ENABLE_DEBUG_INFO = NO;
				SDKROOT = iphoneos;
				SWIFT_OPTIMIZATION_LEVEL = "-Owholemodule";
				VALIDATE_PRODUCT = YES;
			};
			name = Release;
		};
		FD52D4071F4F084A0075239E /* Debug */ = {
			isa = XCBuildConfiguration;
			buildSettings = {
				ASSETCATALOG_COMPILER_APPICON_NAME = AppIcon;
				DEVELOPMENT_TEAM = XFHGVA942A;
				INFOPLIST_FILE = NameThatPerson/Info.plist;
				LD_RUNPATH_SEARCH_PATHS = "$(inherited) @executable_path/Frameworks";
				PRODUCT_BUNDLE_IDENTIFIER = Sohail.NameThatPerson;
				PRODUCT_NAME = "$(TARGET_NAME)";
				SWIFT_VERSION = 3.0;
			};
			name = Debug;
		};
		FD52D4081F4F084A0075239E /* Release */ = {
			isa = XCBuildConfiguration;
			buildSettings = {
				ASSETCATALOG_COMPILER_APPICON_NAME = AppIcon;
				DEVELOPMENT_TEAM = XFHGVA942A;
				INFOPLIST_FILE = NameThatPerson/Info.plist;
				LD_RUNPATH_SEARCH_PATHS = "$(inherited) @executable_path/Frameworks";
				PRODUCT_BUNDLE_IDENTIFIER = Sohail.NameThatPerson;
				PRODUCT_NAME = "$(TARGET_NAME)";
				SWIFT_VERSION = 3.0;
			};
			name = Release;
		};
/* End XCBuildConfiguration section */

/* Begin XCConfigurationList section */
		FD52D3EF1F4F084A0075239E /* Build configuration list for PBXProject "NameThatPerson" */ = {
			isa = XCConfigurationList;
			buildConfigurations = (
				FD52D4041F4F084A0075239E /* Debug */,
				FD52D4051F4F084A0075239E /* Release */,
			);
			defaultConfigurationIsVisible = 0;
			defaultConfigurationName = Release;
		};
		FD52D4061F4F084A0075239E /* Build configuration list for PBXNativeTarget "NameThatPerson" */ = {
			isa = XCConfigurationList;
			buildConfigurations = (
				FD52D4071F4F084A0075239E /* Debug */,
				FD52D4081F4F084A0075239E /* Release */,
			);
			defaultConfigurationIsVisible = 0;
			defaultConfigurationName = Release;
		};
/* End XCConfigurationList section */
	};
	rootObject = FD52D3EC1F4F084A0075239E /* Project object */;
}
